
Microsoft Visual Studio Solution File, Format Version 12.00
# Visual Studio Version 16
VisualStudioVersion = 16.0.31727.386
MinimumVisualStudioVersion = 10.0.40219.1
Project("{FAE04EC0-301F-11D3-BF4B-00C04F79EFBC}") = "xadrez-console", "xadrez-console\xadrez-console.csproj", "{348A8BFD-DDFB-4083-8D98-A4413707E2E7}"
EndProject
Global
	GlobalSection(SolutionConfigurationPlatforms) = preSolution
		Debug|Any CPU = Debug|Any CPU
		Release|Any CPU = Release|Any CPU
	EndGlobalSection
	GlobalSection(ProjectConfigurationPlatforms) = postSolution
		{348A8BFD-DDFB-4083-8D98-A4413707E2E7}.Debug|Any CPU.ActiveCfg = Debug|Any CPU
		{348A8BFD-DDFB-4083-8D98-A4413707E2E7}.Debug|Any CPU.Build.0 = Debug|Any CPU
		{348A8BFD-DDFB-4083-8D98-A4413707E2E7}.Release|Any CPU.ActiveCfg = Release|Any CPU
		{348A8BFD-DDFB-4083-8D98-A4413707E2E7}.Release|Any CPU.Build.0 = Release|Any CPU
	EndGlobalSection
	GlobalSection(SolutionProperties) = preSolution
		HideSolutionNode = FALSE
	EndGlobalSection
	GlobalSection(ExtensibilityGlobals) = postSolution
		SolutionGuid = {7DE1D6B3-AD51-4260-8D48-9BA02E90A3D1}
	EndGlobalSection
EndGlobal
